// !$*UTF8*$!
{
	archiveVersion = 1;
	classes = {
	};
	objectVersion = 50;
	objects = {

/* Begin PBXBuildFile section */
		24DE131526FAF6A200F9CD97 /* AppDelegate.swift in Sources */ = {isa = PBXBuildFile; fileRef = 24DE131426FAF6A200F9CD97 /* AppDelegate.swift */; };
		24DE131726FAF6A200F9CD97 /* SceneDelegate.swift in Sources */ = {isa = PBXBuildFile; fileRef = 24DE131626FAF6A200F9CD97 /* SceneDelegate.swift */; };
		24DE131926FAF6A200F9CD97 /* ViewController.swift in Sources */ = {isa = PBXBuildFile; fileRef = 24DE131826FAF6A200F9CD97 /* ViewController.swift */; };
		24DE131C26FAF6A200F9CD97 /* Main.storyboard in Resources */ = {isa = PBXBuildFile; fileRef = 24DE131A26FAF6A200F9CD97 /* Main.storyboard */; };
		24DE131E26FAF6B800F9CD97 /* Assets.xcassets in Resources */ = {isa = PBXBuildFile; fileRef = 24DE131D26FAF6B800F9CD97 /* Assets.xcassets */; };
		24DE132126FAF6B900F9CD97 /* LaunchScreen.storyboard in Resources */ = {isa = PBXBuildFile; fileRef = 24DE131F26FAF6B900F9CD97 /* LaunchScreen.storyboard */; };
		24DE132C26FAF6BA00F9CD97 /* CameraSwitchTests.swift in Sources */ = {isa = PBXBuildFile; fileRef = 24DE132B26FAF6BA00F9CD97 /* CameraSwitchTests.swift */; };
		24DE133726FAF6BA00F9CD97 /* CameraSwitchUITests.swift in Sources */ = {isa = PBXBuildFile; fileRef = 24DE133626FAF6BA00F9CD97 /* CameraSwitchUITests.swift */; };
/* End PBXBuildFile section */

/* Begin PBXContainerItemProxy section */
		24DE132826FAF6BA00F9CD97 /* PBXContainerItemProxy */ = {
			isa = PBXContainerItemProxy;
			containerPortal = 24DE130926FAF6A200F9CD97 /* Project object */;
			proxyType = 1;
			remoteGlobalIDString = 24DE131026FAF6A200F9CD97;
			remoteInfo = CameraSwitch;
		};
		24DE133326FAF6BA00F9CD97 /* PBXContainerItemProxy */ = {
			isa = PBXContainerItemProxy;
			containerPortal = 24DE130926FAF6A200F9CD97 /* Project object */;
			proxyType = 1;
			remoteGlobalIDString = 24DE131026FAF6A200F9CD97;
			remoteInfo = CameraSwitch;
		};
/* End PBXContainerItemProxy section */

/* Begin PBXFileReference section */
		24DE131126FAF6A200F9CD97 /* CameraSwitch.app */ = {isa = PBXFileReference; explicitFileType = wrapper.application; includeInIndex = 0; path = CameraSwitch.app; sourceTree = BUILT_PRODUCTS_DIR; };
		24DE131426FAF6A200F9CD97 /* AppDelegate.swift */ = {isa = PBXFileReference; lastKnownFileType = sourcecode.swift; path = AppDelegate.swift; sourceTree = "<group>"; };
		24DE131626FAF6A200F9CD97 /* SceneDelegate.swift */ = {isa = PBXFileReference; lastKnownFileType = sourcecode.swift; path = SceneDelegate.swift; sourceTree = "<group>"; };
		24DE131826FAF6A200F9CD97 /* ViewController.swift */ = {isa = PBXFileReference; lastKnownFileType = sourcecode.swift; path = ViewController.swift; sourceTree = "<group>"; };
		24DE131B26FAF6A200F9CD97 /* Base */ = {isa = PBXFileReference; lastKnownFileType = file.storyboard; name = Base; path = Base.lproj/Main.storyboard; sourceTree = "<group>"; };
		24DE131D26FAF6B800F9CD97 /* Assets.xcassets */ = {isa = PBXFileReference; lastKnownFileType = folder.assetcatalog; path = Assets.xcassets; sourceTree = "<group>"; };
		24DE132026FAF6B900F9CD97 /* Base */ = {isa = PBXFileReference; lastKnownFileType = file.storyboard; name = Base; path = Base.lproj/LaunchScreen.storyboard; sourceTree = "<group>"; };
		24DE132226FAF6B900F9CD97 /* Info.plist */ = {isa = PBXFileReference; lastKnownFileType = text.plist.xml; path = Info.plist; sourceTree = "<group>"; };
		24DE132726FAF6BA00F9CD97 /* CameraSwitchTests.xctest */ = {isa = PBXFileReference; explicitFileType = wrapper.cfbundle; includeInIndex = 0; path = CameraSwitchTests.xctest; sourceTree = BUILT_PRODUCTS_DIR; };
		24DE132B26FAF6BA00F9CD97 /* CameraSwitchTests.swift */ = {isa = PBXFileReference; lastKnownFileType = sourcecode.swift; path = CameraSwitchTests.swift; sourceTree = "<group>"; };
		24DE132D26FAF6BA00F9CD97 /* Info.plist */ = {isa = PBXFileReference; lastKnownFileType = text.plist.xml; path = Info.plist; sourceTree = "<group>"; };
		24DE133226FAF6BA00F9CD97 /* CameraSwitchUITests.xctest */ = {isa = PBXFileReference; explicitFileType = wrapper.cfbundle; includeInIndex = 0; path = CameraSwitchUITests.xctest; sourceTree = BUILT_PRODUCTS_DIR; };
		24DE133626FAF6BA00F9CD97 /* CameraSwitchUITests.swift */ = {isa = PBXFileReference; lastKnownFileType = sourcecode.swift; path = CameraSwitchUITests.swift; sourceTree = "<group>"; };
		24DE133826FAF6BA00F9CD97 /* Info.plist */ = {isa = PBXFileReference; lastKnownFileType = text.plist.xml; path = Info.plist; sourceTree = "<group>"; };
/* End PBXFileReference section */

/* Begin PBXFrameworksBuildPhase section */
		24DE130E26FAF6A200F9CD97 /* Frameworks */ = {
			isa = PBXFrameworksBuildPhase;
			buildActionMask = 2147483647;
			files = (
			);
			runOnlyForDeploymentPostprocessing = 0;
		};
		24DE132426FAF6BA00F9CD97 /* Frameworks */ = {
			isa = PBXFrameworksBuildPhase;
			buildActionMask = 2147483647;
			files = (
			);
			runOnlyForDeploymentPostprocessing = 0;
		};
		24DE132F26FAF6BA00F9CD97 /* Frameworks */ = {
			isa = PBXFrameworksBuildPhase;
			buildActionMask = 2147483647;
			files = (
			);
			runOnlyForDeploymentPostprocessing = 0;
		};
/* End PBXFrameworksBuildPhase section */

/* Begin PBXGroup section */
		24DE130826FAF6A200F9CD97 = {
			isa = PBXGroup;
			children = (
				24DE131326FAF6A200F9CD97 /* CameraSwitch */,
				24DE132A26FAF6BA00F9CD97 /* CameraSwitchTests */,
				24DE133526FAF6BA00F9CD97 /* CameraSwitchUITests */,
				24DE131226FAF6A200F9CD97 /* Products */,
			);
			sourceTree = "<group>";
		};
		24DE131226FAF6A200F9CD97 /* Products */ = {
			isa = PBXGroup;
			children = (
				24DE131126FAF6A200F9CD97 /* CameraSwitch.app */,
				24DE132726FAF6BA00F9CD97 /* CameraSwitchTests.xctest */,
				24DE133226FAF6BA00F9CD97 /* CameraSwitchUITests.xctest */,
			);
			name = Products;
			sourceTree = "<group>";
		};
		24DE131326FAF6A200F9CD97 /* CameraSwitch */ = {
			isa = PBXGroup;
			children = (
				24DE131426FAF6A200F9CD97 /* AppDelegate.swift */,
				24DE131626FAF6A200F9CD97 /* SceneDelegate.swift */,
				24DE131826FAF6A200F9CD97 /* ViewController.swift */,
				24DE131A26FAF6A200F9CD97 /* Main.storyboard */,
				24DE131D26FAF6B800F9CD97 /* Assets.xcassets */,
				24DE131F26FAF6B900F9CD97 /* LaunchScreen.storyboard */,
				24DE132226FAF6B900F9CD97 /* Info.plist */,
			);
			path = CameraSwitch;
			sourceTree = "<group>";
		};
		24DE132A26FAF6BA00F9CD97 /* CameraSwitchTests */ = {
			isa = PBXGroup;
			children = (
				24DE132B26FAF6BA00F9CD97 /* CameraSwitchTests.swift */,
				24DE132D26FAF6BA00F9CD97 /* Info.plist */,
			);
			path = CameraSwitchTests;
			sourceTree = "<group>";
		};
		24DE133526FAF6BA00F9CD97 /* CameraSwitchUITests */ = {
			isa = PBXGroup;
			children = (
				24DE133626FAF6BA00F9CD97 /* CameraSwitchUITests.swift */,
				24DE133826FAF6BA00F9CD97 /* Info.plist */,
			);
			path = CameraSwitchUITests;
			sourceTree = "<group>";
		};
/* End PBXGroup section */

/* Begin PBXNativeTarget section */
		24DE131026FAF6A200F9CD97 /* CameraSwitch */ = {
			isa = PBXNativeTarget;
			buildConfigurationList = 24DE133B26FAF6BA00F9CD97 /* Build configuration list for PBXNativeTarget "CameraSwitch" */;
			buildPhases = (
				24DE130D26FAF6A200F9CD97 /* Sources */,
				24DE130E26FAF6A200F9CD97 /* Frameworks */,
				24DE130F26FAF6A200F9CD97 /* Resources */,
			);
			buildRules = (
			);
			dependencies = (
			);
			name = CameraSwitch;
			productName = CameraSwitch;
			productReference = 24DE131126FAF6A200F9CD97 /* CameraSwitch.app */;
			productType = "com.apple.product-type.application";
		};
		24DE132626FAF6BA00F9CD97 /* CameraSwitchTests */ = {
			isa = PBXNativeTarget;
			buildConfigurationList = 24DE133E26FAF6BA00F9CD97 /* Build configuration list for PBXNativeTarget "CameraSwitchTests" */;
			buildPhases = (
				24DE132326FAF6BA00F9CD97 /* Sources */,
				24DE132426FAF6BA00F9CD97 /* Frameworks */,
				24DE132526FAF6BA00F9CD97 /* Resources */,
			);
			buildRules = (
			);
			dependencies = (
				24DE132926FAF6BA00F9CD97 /* PBXTargetDependency */,
			);
			name = CameraSwitchTests;
			productName = CameraSwitchTests;
			productReference = 24DE132726FAF6BA00F9CD97 /* CameraSwitchTests.xctest */;
			productType = "com.apple.product-type.bundle.unit-test";
		};
		24DE133126FAF6BA00F9CD97 /* CameraSwitchUITests */ = {
			isa = PBXNativeTarget;
			buildConfigurationList = 24DE134126FAF6BA00F9CD97 /* Build configuration list for PBXNativeTarget "CameraSwitchUITests" */;
			buildPhases = (
				24DE132E26FAF6BA00F9CD97 /* Sources */,
				24DE132F26FAF6BA00F9CD97 /* Frameworks */,
				24DE133026FAF6BA00F9CD97 /* Resources */,
			);
			buildRules = (
			);
			dependencies = (
				24DE133426FAF6BA00F9CD97 /* PBXTargetDependency */,
			);
			name = CameraSwitchUITests;
			productName = CameraSwitchUITests;
			productReference = 24DE133226FAF6BA00F9CD97 /* CameraSwitchUITests.xctest */;
			productType = "com.apple.product-type.bundle.ui-testing";
		};
/* End PBXNativeTarget section */

/* Begin PBXProject section */
		24DE130926FAF6A200F9CD97 /* Project object */ = {
			isa = PBXProject;
			attributes = {
				LastSwiftUpdateCheck = 1240;
				LastUpgradeCheck = 1240;
				TargetAttributes = {
					24DE131026FAF6A200F9CD97 = {
						CreatedOnToolsVersion = 12.4;
					};
					24DE132626FAF6BA00F9CD97 = {
						CreatedOnToolsVersion = 12.4;
						TestTargetID = 24DE131026FAF6A200F9CD97;
					};
					24DE133126FAF6BA00F9CD97 = {
						CreatedOnToolsVersion = 12.4;
						TestTargetID = 24DE131026FAF6A200F9CD97;
					};
				};
			};
			buildConfigurationList = 24DE130C26FAF6A200F9CD97 /* Build configuration list for PBXProject "CameraSwitch" */;
			compatibilityVersion = "Xcode 9.3";
			developmentRegion = en;
			hasScannedForEncodings = 0;
			knownRegions = (
				en,
				Base,
			);
			mainGroup = 24DE130826FAF6A200F9CD97;
			productRefGroup = 24DE131226FAF6A200F9CD97 /* Products */;
			projectDirPath = "";
			projectRoot = "";
			targets = (
				24DE131026FAF6A200F9CD97 /* CameraSwitch */,
				24DE132626FAF6BA00F9CD97 /* CameraSwitchTests */,
				24DE133126FAF6BA00F9CD97 /* CameraSwitchUITests */,
			);
		};
/* End PBXProject section */

/* Begin PBXResourcesBuildPhase section */
		24DE130F26FAF6A200F9CD97 /* Resources */ = {
			isa = PBXResourcesBuildPhase;
			buildActionMask = 2147483647;
			files = (
				24DE132126FAF6B900F9CD97 /* LaunchScreen.storyboard in Resources */,
				24DE131E26FAF6B800F9CD97 /* Assets.xcassets in Resources */,
				24DE131C26FAF6A200F9CD97 /* Main.storyboard in Resources */,
			);
			runOnlyForDeploymentPostprocessing = 0;
		};
		24DE132526FAF6BA00F9CD97 /* Resources */ = {
			isa = PBXResourcesBuildPhase;
			buildActionMask = 2147483647;
			files = (
			);
			runOnlyForDeploymentPostprocessing = 0;
		};
		24DE133026FAF6BA00F9CD97 /* Resources */ = {
			isa = PBXResourcesBuildPhase;
			buildActionMask = 2147483647;
			files = (
			);
			runOnlyForDeploymentPostprocessing = 0;
		};
/* End PBXResourcesBuildPhase section */

/* Begin PBXSourcesBuildPhase section */
		24DE130D26FAF6A200F9CD97 /* Sources */ = {
			isa = PBXSourcesBuildPhase;
			buildActionMask = 2147483647;
			files = (
				24DE131926FAF6A200F9CD97 /* ViewController.swift in Sources */,
				24DE131526FAF6A200F9CD97 /* AppDelegate.swift in Sources */,
				24DE131726FAF6A200F9CD97 /* SceneDelegate.swift in Sources */,
			);
			runOnlyForDeploymentPostprocessing = 0;
		};
		24DE132326FAF6BA00F9CD97 /* Sources */ = {
			isa = PBXSourcesBuildPhase;
			buildActionMask = 2147483647;
			files = (
				24DE132C26FAF6BA00F9CD97 /* CameraSwitchTests.swift in Sources */,
			);
			runOnlyForDeploymentPostprocessing = 0;
		};
		24DE132E26FAF6BA00F9CD97 /* Sources */ = {
			isa = PBXSourcesBuildPhase;
			buildActionMask = 2147483647;
			files = (
				24DE133726FAF6BA00F9CD97 /* CameraSwitchUITests.swift in Sources */,
			);
			runOnlyForDeploymentPostprocessing = 0;
		};
/* End PBXSourcesBuildPhase section */

/* Begin PBXTargetDependency section */
		24DE132926FAF6BA00F9CD97 /* PBXTargetDependency */ = {
			isa = PBXTargetDependency;
			target = 24DE131026FAF6A200F9CD97 /* CameraSwitch */;
			targetProxy = 24DE132826FAF6BA00F9CD97 /* PBXContainerItemProxy */;
		};
		24DE133426FAF6BA00F9CD97 /* PBXTargetDependency */ = {
			isa = PBXTargetDependency;
			target = 24DE131026FAF6A200F9CD97 /* CameraSwitch */;
			targetProxy = 24DE133326FAF6BA00F9CD97 /* PBXContainerItemProxy */;
		};
/* End PBXTargetDependency section */

/* Begin PBXVariantGroup section */
		24DE131A26FAF6A200F9CD97 /* Main.storyboard */ = {
			isa = PBXVariantGroup;
			children = (
				24DE131B26FAF6A200F9CD97 /* Base */,
			);
			name = Main.storyboard;
			sourceTree = "<group>";
		};
		24DE131F26FAF6B900F9CD97 /* LaunchScreen.storyboard */ = {
			isa = PBXVariantGroup;
			children = (
				24DE132026FAF6B900F9CD97 /* Base */,
			);
			name = LaunchScreen.storyboard;
			sourceTree = "<group>";
		};
/* End PBXVariantGroup section */

/* Begin XCBuildConfiguration section */
		24DE133926FAF6BA00F9CD97 /* Debug */ = {
			isa = XCBuildConfiguration;
			buildSettings = {
				ALWAYS_SEARCH_USER_PATHS = NO;
				CLANG_ANALYZER_NONNULL = YES;
				CLANG_ANALYZER_NUMBER_OBJECT_CONVERSION = YES_AGGRESSIVE;
				CLANG_CXX_LANGUAGE_STANDARD = "gnu++14";
				CLANG_CXX_LIBRARY = "libc++";
				CLANG_ENABLE_MODULES = YES;
				CLANG_ENABLE_OBJC_ARC = YES;
				CLANG_ENABLE_OBJC_WEAK = YES;
				CLANG_WARN_BLOCK_CAPTURE_AUTORELEASING = YES;
				CLANG_WARN_BOOL_CONVERSION = YES;
				CLANG_WARN_COMMA = YES;
				CLANG_WARN_CONSTANT_CONVERSION = YES;
				CLANG_WARN_DEPRECATED_OBJC_IMPLEMENTATIONS = YES;
				CLANG_WARN_DIRECT_OBJC_ISA_USAGE = YES_ERROR;
				CLANG_WARN_DOCUMENTATION_COMMENTS = YES;
				CLANG_WARN_EMPTY_BODY = YES;
				CLANG_WARN_ENUM_CONVERSION = YES;
				CLANG_WARN_INFINITE_RECURSION = YES;
				CLANG_WARN_INT_CONVERSION = YES;
				CLANG_WARN_NON_LITERAL_NULL_CONVERSION = YES;
				CLANG_WARN_OBJC_IMPLICIT_RETAIN_SELF = YES;
				CLANG_WARN_OBJC_LITERAL_CONVERSION = YES;
				CLANG_WARN_OBJC_ROOT_CLASS = YES_ERROR;
				CLANG_WARN_QUOTED_INCLUDE_IN_FRAMEWORK_HEADER = YES;
				CLANG_WARN_RANGE_LOOP_ANALYSIS = YES;
				CLANG_WARN_STRICT_PROTOTYPES = YES;
				CLANG_WARN_SUSPICIOUS_MOVE = YES;
				CLANG_WARN_UNGUARDED_AVAILABILITY = YES_AGGRESSIVE;
				CLANG_WARN_UNREACHABLE_CODE = YES;
				CLANG_WARN__DUPLICATE_METHOD_MATCH = YES;
				COPY_PHASE_STRIP = NO;
				DEBUG_INFORMATION_FORMAT = dwarf;
				ENABLE_STRICT_OBJC_MSGSEND = YES;
				ENABLE_TESTABILITY = YES;
				GCC_C_LANGUAGE_STANDARD = gnu11;
				GCC_DYNAMIC_NO_PIC = NO;
				GCC_NO_COMMON_BLOCKS = YES;
				GCC_OPTIMIZATION_LEVEL = 0;
				GCC_PREPROCESSOR_DEFINITIONS = (
					"DEBUG=1",
					"$(inherited)",
				);
				GCC_WARN_64_TO_32_BIT_CONVERSION = YES;
				GCC_WARN_ABOUT_RETURN_TYPE = YES_ERROR;
				GCC_WARN_UNDECLARED_SELECTOR = YES;
				GCC_WARN_UNINITIALIZED_AUTOS = YES_AGGRESSIVE;
				GCC_WARN_UNUSED_FUNCTION = YES;
				GCC_WARN_UNUSED_VARIABLE = YES;
				IPHONEOS_DEPLOYMENT_TARGET = 14.4;
				MTL_ENABLE_DEBUG_INFO = INCLUDE_SOURCE;
				MTL_FAST_MATH = YES;
				ONLY_ACTIVE_ARCH = YES;
				SDKROOT = iphoneos;
				SWIFT_ACTIVE_COMPILATION_CONDITIONS = DEBUG;
				SWIFT_OPTIMIZATION_LEVEL = "-Onone";
			};
			name = Debug;
		};
		24DE133A26FAF6BA00F9CD97 /* Release */ = {
			isa = XCBuildConfiguration;
			buildSettings = {
				ALWAYS_SEARCH_USER_PATHS = NO;
				CLANG_ANALYZER_NONNULL = YES;
				CLANG_ANALYZER_NUMBER_OBJECT_CONVERSION = YES_AGGRESSIVE;
				CLANG_CXX_LANGUAGE_STANDARD = "gnu++14";
				CLANG_CXX_LIBRARY = "libc++";
				CLANG_ENABLE_MODULES = YES;
				CLANG_ENABLE_OBJC_ARC = YES;
				CLANG_ENABLE_OBJC_WEAK = YES;
				CLANG_WARN_BLOCK_CAPTURE_AUTORELEASING = YES;
				CLANG_WARN_BOOL_CONVERSION = YES;
				CLANG_WARN_COMMA = YES;
				CLANG_WARN_CONSTANT_CONVERSION = YES;
				CLANG_WARN_DEPRECATED_OBJC_IMPLEMENTATIONS = YES;
				CLANG_WARN_DIRECT_OBJC_ISA_USAGE = YES_ERROR;
				CLANG_WARN_DOCUMENTATION_COMMENTS = YES;
				CLANG_WARN_EMPTY_BODY = YES;
				CLANG_WARN_ENUM_CONVERSION = YES;
				CLANG_WARN_INFINITE_RECURSION = YES;
				CLANG_WARN_INT_CONVERSION = YES;
				CLANG_WARN_NON_LITERAL_NULL_CONVERSION = YES;
				CLANG_WARN_OBJC_IMPLICIT_RETAIN_SELF = YES;
				CLANG_WARN_OBJC_LITERAL_CONVERSION = YES;
				CLANG_WARN_OBJC_ROOT_CLASS = YES_ERROR;
				CLANG_WARN_QUOTED_INCLUDE_IN_FRAMEWORK_HEADER = YES;
				CLANG_WARN_RANGE_LOOP_ANALYSIS = YES;
				CLANG_WARN_STRICT_PROTOTYPES = YES;
				CLANG_WARN_SUSPICIOUS_MOVE = YES;
				CLANG_WARN_UNGUARDED_AVAILABILITY = YES_AGGRESSIVE;
				CLANG_WARN_UNREACHABLE_CODE = YES;
				CLANG_WARN__DUPLICATE_METHOD_MATCH = YES;
				COPY_PHASE_STRIP = NO;
				DEBUG_INFORMATION_FORMAT = "dwarf-with-dsym";
				ENABLE_NS_ASSERTIONS = NO;
				ENABLE_STRICT_OBJC_MSGSEND = YES;
				GCC_C_LANGUAGE_STANDARD = gnu11;
				GCC_NO_COMMON_BLOCKS = YES;
				GCC_WARN_64_TO_32_BIT_CONVERSION = YES;
				GCC_WARN_ABOUT_RETURN_TYPE = YES_ERROR;
				GCC_WARN_UNDECLARED_SELECTOR = YES;
				GCC_WARN_UNINITIALIZED_AUTOS = YES_AGGRESSIVE;
				GCC_WARN_UNUSED_FUNCTION = YES;
				GCC_WARN_UNUSED_VARIABLE = YES;
				IPHONEOS_DEPLOYMENT_TARGET = 14.4;
				MTL_ENABLE_DEBUG_INFO = NO;
				MTL_FAST_MATH = YES;
				SDKROOT = iphoneos;
				SWIFT_COMPILATION_MODE = wholemodule;
				SWIFT_OPTIMIZATION_LEVEL = "-O";
				VALIDATE_PRODUCT = YES;
			};
			name = Release;
		};
		24DE133C26FAF6BA00F9CD97 /* Debug */ = {
			isa = XCBuildConfiguration;
			buildSettings = {
				ASSETCATALOG_COMPILER_APPICON_NAME = AppIcon;
				ASSETCATALOG_COMPILER_GLOBAL_ACCENT_COLOR_NAME = AccentColor;
				CODE_SIGN_STYLE = Automatic;
				DEVELOPMENT_TEAM = 9P577K444X;
				INFOPLIST_FILE = CameraSwitch/Info.plist;
				IPHONEOS_DEPLOYMENT_TARGET = 13.0;
				LD_RUNPATH_SEARCH_PATHS = (
					"$(inherited)",
					"@executable_path/Frameworks",
				);
				PRODUCT_BUNDLE_IDENTIFIER = com.xminds.CameraSwitch;
				PRODUCT_NAME = "$(TARGET_NAME)";
				SWIFT_VERSION = 5.0;
				TARGETED_DEVICE_FAMILY = "1,2";
			};
			name = Debug;
		};
		24DE133D26FAF6BA00F9CD97 /* Release */ = {
			isa = XCBuildConfiguration;
			buildSettings = {
				ASSETCATALOG_COMPILER_APPICON_NAME = AppIcon;
				ASSETCATALOG_COMPILER_GLOBAL_ACCENT_COLOR_NAME = AccentColor;
				CODE_SIGN_STYLE = Automatic;
				DEVELOPMENT_TEAM = 9P577K444X;
				INFOPLIST_FILE = CameraSwitch/Info.plist;
				IPHONEOS_DEPLOYMENT_TARGET = 13.0;
				LD_RUNPATH_SEARCH_PATHS = (
					"$(inherited)",
					"@executable_path/Frameworks",
				);
				PRODUCT_BUNDLE_IDENTIFIER = com.xminds.CameraSwitch;
				PRODUCT_NAME = "$(TARGET_NAME)";
				SWIFT_VERSION = 5.0;
				TARGETED_DEVICE_FAMILY = "1,2";
			};
			name = Release;
		};
		24DE133F26FAF6BA00F9CD97 /* Debug */ = {
			isa = XCBuildConfiguration;
			buildSettings = {
				ALWAYS_EMBED_SWIFT_STANDARD_LIBRARIES = YES;
				BUNDLE_LOADER = "$(TEST_HOST)";
				CODE_SIGN_STYLE = Automatic;
				DEVELOPMENT_TEAM = 9P577K444X;
				INFOPLIST_FILE = CameraSwitchTests/Info.plist;
				IPHONEOS_DEPLOYMENT_TARGET = 14.4;
				LD_RUNPATH_SEARCH_PATHS = (
					"$(inherited)",
					"@executable_path/Frameworks",
					"@loader_path/Frameworks",
				);
				PRODUCT_BUNDLE_IDENTIFIER = com.xminds.cameraSwitch.CameraSwitchTests;
				PRODUCT_NAME = "$(TARGET_NAME)";
				SWIFT_VERSION = 5.0;
				TARGETED_DEVICE_FAMILY = "1,2";
				TEST_HOST = "$(BUILT_PRODUCTS_DIR)/CameraSwitch.app/CameraSwitch";
			};
			name = Debug;
		};
		24DE134026FAF6BA00F9CD97 /* Release */ = {
			isa = XCBuildConfiguration;
			buildSettings = {
				ALWAYS_EMBED_SWIFT_STANDARD_LIBRARIES = YES;
				BUNDLE_LOADER = "$(TEST_HOST)";
				CODE_SIGN_STYLE = Automatic;
				DEVELOPMENT_TEAM = 9P577K444X;
				INFOPLIST_FILE = CameraSwitchTests/Info.plist;
				IPHONEOS_DEPLOYMENT_TARGET = 14.4;
				LD_RUNPATH_SEARCH_PATHS = (
					"$(inherited)",
					"@executable_path/Frameworks",
					"@loader_path/Frameworks",
				);
				PRODUCT_BUNDLE_IDENTIFIER = com.xminds.cameraSwitch.CameraSwitchTests;
				PRODUCT_NAME = "$(TARGET_NAME)";
				SWIFT_VERSION = 5.0;
				TARGETED_DEVICE_FAMILY = "1,2";
				TEST_HOST = "$(BUILT_PRODUCTS_DIR)/CameraSwitch.app/CameraSwitch";
			};
			name = Release;
		};
		24DE134226FAF6BA00F9CD97 /* Debug */ = {
			isa = XCBuildConfiguration;
			buildSettings = {
				ALWAYS_EMBED_SWIFT_STANDARD_LIBRARIES = YES;
				CODE_SIGN_STYLE = Automatic;
				DEVELOPMENT_TEAM = 9P577K444X;
				INFOPLIST_FILE = CameraSwitchUITests/Info.plist;
				LD_RUNPATH_SEARCH_PATHS = (
					"$(inherited)",
					"@executable_path/Frameworks",
					"@loader_path/Frameworks",
				);
				PRODUCT_BUNDLE_IDENTIFIER = com.xminds.cameraSwitch.CameraSwitchUITests;
				PRODUCT_NAME = "$(TARGET_NAME)";
				SWIFT_VERSION = 5.0;
				TARGETED_DEVICE_FAMILY = "1,2";
				TEST_TARGET_NAME = CameraSwitch;
			};
			name = Debug;
		};
		24DE134326FAF6BA00F9CD97 /* Release */ = {
			isa = XCBuildConfiguration;
			buildSettings = {
				ALWAYS_EMBED_SWIFT_STANDARD_LIBRARIES = YES;
				CODE_SIGN_STYLE = Automatic;
				DEVELOPMENT_TEAM = 9P577K444X;
				INFOPLIST_FILE = CameraSwitchUITests/Info.plist;
				LD_RUNPATH_SEARCH_PATHS = (
					"$(inherited)",
					"@executable_path/Frameworks",
					"@loader_path/Frameworks",
				);
				PRODUCT_BUNDLE_IDENTIFIER = com.xminds.cameraSwitch.CameraSwitchUITests;
				PRODUCT_NAME = "$(TARGET_NAME)";
				SWIFT_VERSION = 5.0;
				TARGETED_DEVICE_FAMILY = "1,2";
				TEST_TARGET_NAME = CameraSwitch;
			};
			name = Release;
		};
/* End XCBuildConfiguration section */

/* Begin XCConfigurationList section */
		24DE130C26FAF6A200F9CD97 /* Build configuration list for PBXProject "CameraSwitch" */ = {
			isa = XCConfigurationList;
			buildConfigurations = (
				24DE133926FAF6BA00F9CD97 /* Debug */,
				24DE133A26FAF6BA00F9CD97 /* Release */,
			);
			defaultConfigurationIsVisible = 0;
			defaultConfigurationName = Release;
		};
		24DE133B26FAF6BA00F9CD97 /* Build configuration list for PBXNativeTarget "CameraSwitch" */ = {
			isa = XCConfigurationList;
			buildConfigurations = (
				24DE133C26FAF6BA00F9CD97 /* Debug */,
				24DE133D26FAF6BA00F9CD97 /* Release */,
			);
			defaultConfigurationIsVisible = 0;
			defaultConfigurationName = Release;
		};
		24DE133E26FAF6BA00F9CD97 /* Build configuration list for PBXNativeTarget "CameraSwitchTests" */ = {
			isa = XCConfigurationList;
			buildConfigurations = (
				24DE133F26FAF6BA00F9CD97 /* Debug */,
				24DE134026FAF6BA00F9CD97 /* Release */,
			);
			defaultConfigurationIsVisible = 0;
			defaultConfigurationName = Release;
		};
		24DE134126FAF6BA00F9CD97 /* Build configuration list for PBXNativeTarget "CameraSwitchUITests" */ = {
			isa = XCConfigurationList;
			buildConfigurations = (
				24DE134226FAF6BA00F9CD97 /* Debug */,
				24DE134326FAF6BA00F9CD97 /* Release */,
			);
			defaultConfigurationIsVisible = 0;
			defaultConfigurationName = Release;
		};
/* End XCConfigurationList section */
	};
	rootObject = 24DE130926FAF6A200F9CD97 /* Project object */;
}
